
Microsoft Visual Studio Solution File, Format Version 12.00
# Visual Studio Version 16
VisualStudioVersion = 16.0.29306.81
MinimumVisualStudioVersion = 10.0.40219.1
Project("{FAE04EC0-301F-11D3-BF4B-00C04F79EFBC}") = "BasicLogin", "BasicLogin\BasicLogin.csproj", "{E9B57AB6-9244-43D9-B4C6-8A21823AA61C}"
EndProject
Global
	GlobalSection(SolutionConfigurationPlatforms) = preSolution
		Debug|Any CPU = Debug|Any CPU
		Release|Any CPU = Release|Any CPU
	EndGlobalSection
	GlobalSection(ProjectConfigurationPlatforms) = postSolution
		{E9B57AB6-9244-43D9-B4C6-8A21823AA61C}.Debug|Any CPU.ActiveCfg = Debug|Any CPU
		{E9B57AB6-9244-43D9-B4C6-8A21823AA61C}.Debug|Any CPU.Build.0 = Debug|Any CPU
		{E9B57AB6-9244-43D9-B4C6-8A21823AA61C}.Release|Any CPU.ActiveCfg = Release|Any CPU
		{E9B57AB6-9244-43D9-B4C6-8A21823AA61C}.Release|Any CPU.Build.0 = Release|Any CPU
	EndGlobalSection
	GlobalSection(SolutionProperties) = preSolution
		HideSolutionNode = FALSE
	EndGlobalSection
	GlobalSection(ExtensibilityGlobals) = postSolution
		SolutionGuid = {8D32745D-DBE1-4A9F-9B2C-6648528695D4}
	EndGlobalSection
EndGlobal
